
Microsoft Visual Studio Solution File, Format Version 12.00
# Visual Studio Version 17
VisualStudioVersion = 17.0.32112.339
MinimumVisualStudioVersion = 10.0.40219.1
Project("{FAE04EC0-301F-11D3-BF4B-00C04F79EFBC}") = "MonsterTest", "MonsterTest\MonsterTest.csproj", "{E7DED4CF-7564-46AF-8AF6-BF2F7AB79F9E}"
EndProject
Global
	GlobalSection(SolutionConfigurationPlatforms) = preSolution
		Debug|Any CPU = Debug|Any CPU
		Release|Any CPU = Release|Any CPU
	EndGlobalSection
	GlobalSection(ProjectConfigurationPlatforms) = postSolution
		{E7DED4CF-7564-46AF-8AF6-BF2F7AB79F9E}.Debug|Any CPU.ActiveCfg = Debug|Any CPU
		{E7DED4CF-7564-46AF-8AF6-BF2F7AB79F9E}.Debug|Any CPU.Build.0 = Debug|Any CPU
		{E7DED4CF-7564-46AF-8AF6-BF2F7AB79F9E}.Release|Any CPU.ActiveCfg = Release|Any CPU
		{E7DED4CF-7564-46AF-8AF6-BF2F7AB79F9E}.Release|Any CPU.Build.0 = Release|Any CPU
	EndGlobalSection
	GlobalSection(SolutionProperties) = preSolution
		HideSolutionNode = FALSE
	EndGlobalSection
	GlobalSection(ExtensibilityGlobals) = postSolution
		SolutionGuid = {876E213C-0777-4B48-A0D8-909DC90BD0A4}
	EndGlobalSection
EndGlobal
